// !$*UTF8*$!
{
	archiveVersion = 1;
	classes = {
	};
	objectVersion = 55;
	objects = {

/* Begin PBXBuildFile section */
		98C6A48E0C8DB2E25681A6EC /* Pods_weather_app.framework in Frameworks */ = {isa = PBXBuildFile; fileRef = CF192EE06FDF528CD3FA025A /* Pods_weather_app.framework */; };
		EC01E5C528BD601600486D8D /* UIColor.swift in Sources */ = {isa = PBXBuildFile; fileRef = EC01E5C428BD601600486D8D /* UIColor.swift */; };
		EC36640728D8D70D005B6D67 /* WeatherInfoModel.swift in Sources */ = {isa = PBXBuildFile; fileRef = EC36640628D8D70D005B6D67 /* WeatherInfoModel.swift */; };
		EC36640C28D8E14E005B6D67 /* WeeklyContainerView.swift in Sources */ = {isa = PBXBuildFile; fileRef = EC36640B28D8E14E005B6D67 /* WeeklyContainerView.swift */; };
		EC36640F28D8F854005B6D67 /* WeekDayInfo.swift in Sources */ = {isa = PBXBuildFile; fileRef = EC36640E28D8F854005B6D67 /* WeekDayInfo.swift */; };
		EC36641128D9B683005B6D67 /* WeeklyTableViewCell.swift in Sources */ = {isa = PBXBuildFile; fileRef = EC36641028D9B683005B6D67 /* WeeklyTableViewCell.swift */; };
		EC36641328DA5BF6005B6D67 /* HourlyContainerView.swift in Sources */ = {isa = PBXBuildFile; fileRef = EC36641228DA5BF6005B6D67 /* HourlyContainerView.swift */; };
		EC36641628DB4E11005B6D67 /* HourlyWeatherInfo.swift in Sources */ = {isa = PBXBuildFile; fileRef = EC36641528DB4E11005B6D67 /* HourlyWeatherInfo.swift */; };
		EC36641828DC4FBA005B6D67 /* HourlyTableViewCell.swift in Sources */ = {isa = PBXBuildFile; fileRef = EC36641728DC4FB9005B6D67 /* HourlyTableViewCell.swift */; };
		EC36641A28DC57EF005B6D67 /* HourlyCell.swift in Sources */ = {isa = PBXBuildFile; fileRef = EC36641928DC57EF005B6D67 /* HourlyCell.swift */; };
		EC76901628C0ACDD00DB01EB /* ValueCollectionViewCell.swift in Sources */ = {isa = PBXBuildFile; fileRef = EC76901528C0ACDD00DB01EB /* ValueCollectionViewCell.swift */; };
		EC90E1B028BF4B5300D77B81 /* InfoHeaderView.swift in Sources */ = {isa = PBXBuildFile; fileRef = EC90E1AF28BF4B5300D77B81 /* InfoHeaderView.swift */; };
		ECB1423228C777A200D547D4 /* HeaderWeatherInfo.swift in Sources */ = {isa = PBXBuildFile; fileRef = ECB1423128C777A200D547D4 /* HeaderWeatherInfo.swift */; };
		ECD84308288956B90083AACE /* AppDelegate.swift in Sources */ = {isa = PBXBuildFile; fileRef = ECD84307288956B90083AACE /* AppDelegate.swift */; };
		ECD84311288956C00083AACE /* Assets.xcassets in Resources */ = {isa = PBXBuildFile; fileRef = ECD84310288956C00083AACE /* Assets.xcassets */; };
		ECD84314288956C00083AACE /* LaunchScreen.storyboard in Resources */ = {isa = PBXBuildFile; fileRef = ECD84312288956C00083AACE /* LaunchScreen.storyboard */; };
		ECD8431C2889671F0083AACE /* Screens.swift in Sources */ = {isa = PBXBuildFile; fileRef = ECD8431B2889671F0083AACE /* Screens.swift */; };
		ECD8431F288971FC0083AACE /* MainViewController.swift in Sources */ = {isa = PBXBuildFile; fileRef = ECD8431E288971FC0083AACE /* MainViewController.swift */; };
		ECD84322288978120083AACE /* LaunchViewController.swift in Sources */ = {isa = PBXBuildFile; fileRef = ECD84321288978120083AACE /* LaunchViewController.swift */; };
		ECF1A51E28BE4BB700D916D6 /* HeaderView.swift in Sources */ = {isa = PBXBuildFile; fileRef = ECF1A51D28BE4BB700D916D6 /* HeaderView.swift */; };
/* End PBXBuildFile section */

/* Begin PBXFileReference section */
		123DF63C1D36EC00580A63AE /* Pods-weather_app.debug.xcconfig */ = {isa = PBXFileReference; includeInIndex = 1; lastKnownFileType = text.xcconfig; name = "Pods-weather_app.debug.xcconfig"; path = "Target Support Files/Pods-weather_app/Pods-weather_app.debug.xcconfig"; sourceTree = "<group>"; };
		4342FE4785DD34F656A2BF3D /* Pods-weather_app.release.xcconfig */ = {isa = PBXFileReference; includeInIndex = 1; lastKnownFileType = text.xcconfig; name = "Pods-weather_app.release.xcconfig"; path = "Target Support Files/Pods-weather_app/Pods-weather_app.release.xcconfig"; sourceTree = "<group>"; };
		CF192EE06FDF528CD3FA025A /* Pods_weather_app.framework */ = {isa = PBXFileReference; explicitFileType = wrapper.framework; includeInIndex = 0; path = Pods_weather_app.framework; sourceTree = BUILT_PRODUCTS_DIR; };
		EC01E5C428BD601600486D8D /* UIColor.swift */ = {isa = PBXFileReference; lastKnownFileType = sourcecode.swift; path = UIColor.swift; sourceTree = "<group>"; };
		EC36640628D8D70D005B6D67 /* WeatherInfoModel.swift */ = {isa = PBXFileReference; lastKnownFileType = sourcecode.swift; path = WeatherInfoModel.swift; sourceTree = "<group>"; };
		EC36640B28D8E14E005B6D67 /* WeeklyContainerView.swift */ = {isa = PBXFileReference; lastKnownFileType = sourcecode.swift; path = WeeklyContainerView.swift; sourceTree = "<group>"; };
		EC36640E28D8F854005B6D67 /* WeekDayInfo.swift */ = {isa = PBXFileReference; lastKnownFileType = sourcecode.swift; path = WeekDayInfo.swift; sourceTree = "<group>"; };
		EC36641028D9B683005B6D67 /* WeeklyTableViewCell.swift */ = {isa = PBXFileReference; lastKnownFileType = sourcecode.swift; path = WeeklyTableViewCell.swift; sourceTree = "<group>"; };
		EC36641228DA5BF6005B6D67 /* HourlyContainerView.swift */ = {isa = PBXFileReference; lastKnownFileType = sourcecode.swift; path = HourlyContainerView.swift; sourceTree = "<group>"; };
		EC36641528DB4E11005B6D67 /* HourlyWeatherInfo.swift */ = {isa = PBXFileReference; lastKnownFileType = sourcecode.swift; path = HourlyWeatherInfo.swift; sourceTree = "<group>"; };
		EC36641728DC4FB9005B6D67 /* HourlyTableViewCell.swift */ = {isa = PBXFileReference; lastKnownFileType = sourcecode.swift; path = HourlyTableViewCell.swift; sourceTree = "<group>"; };
		EC36641928DC57EF005B6D67 /* HourlyCell.swift */ = {isa = PBXFileReference; lastKnownFileType = sourcecode.swift; path = HourlyCell.swift; sourceTree = "<group>"; };
		EC76901528C0ACDD00DB01EB /* ValueCollectionViewCell.swift */ = {isa = PBXFileReference; lastKnownFileType = sourcecode.swift; path = ValueCollectionViewCell.swift; sourceTree = "<group>"; };
		EC90E1AF28BF4B5300D77B81 /* InfoHeaderView.swift */ = {isa = PBXFileReference; lastKnownFileType = sourcecode.swift; path = InfoHeaderView.swift; sourceTree = "<group>"; };
		ECB1423128C777A200D547D4 /* HeaderWeatherInfo.swift */ = {isa = PBXFileReference; lastKnownFileType = sourcecode.swift; path = HeaderWeatherInfo.swift; sourceTree = "<group>"; };
		ECD84304288956B90083AACE /* weather_app.app */ = {isa = PBXFileReference; explicitFileType = wrapper.application; includeInIndex = 0; path = weather_app.app; sourceTree = BUILT_PRODUCTS_DIR; };
		ECD84307288956B90083AACE /* AppDelegate.swift */ = {isa = PBXFileReference; lastKnownFileType = sourcecode.swift; path = AppDelegate.swift; sourceTree = "<group>"; };
		ECD84310288956C00083AACE /* Assets.xcassets */ = {isa = PBXFileReference; lastKnownFileType = folder.assetcatalog; path = Assets.xcassets; sourceTree = "<group>"; };
		ECD84313288956C00083AACE /* Base */ = {isa = PBXFileReference; lastKnownFileType = file.storyboard; name = Base; path = Base.lproj/LaunchScreen.storyboard; sourceTree = "<group>"; };
		ECD84315288956C00083AACE /* Info.plist */ = {isa = PBXFileReference; lastKnownFileType = text.plist.xml; path = Info.plist; sourceTree = "<group>"; };
		ECD8431B2889671F0083AACE /* Screens.swift */ = {isa = PBXFileReference; lastKnownFileType = sourcecode.swift; path = Screens.swift; sourceTree = "<group>"; };
		ECD8431E288971FC0083AACE /* MainViewController.swift */ = {isa = PBXFileReference; lastKnownFileType = sourcecode.swift; path = MainViewController.swift; sourceTree = "<group>"; };
		ECD84321288978120083AACE /* LaunchViewController.swift */ = {isa = PBXFileReference; lastKnownFileType = sourcecode.swift; path = LaunchViewController.swift; sourceTree = "<group>"; };
		ECF1A51D28BE4BB700D916D6 /* HeaderView.swift */ = {isa = PBXFileReference; lastKnownFileType = sourcecode.swift; path = HeaderView.swift; sourceTree = "<group>"; };
/* End PBXFileReference section */

/* Begin PBXFrameworksBuildPhase section */
		ECD84301288956B90083AACE /* Frameworks */ = {
			isa = PBXFrameworksBuildPhase;
			buildActionMask = 2147483647;
			files = (
				98C6A48E0C8DB2E25681A6EC /* Pods_weather_app.framework in Frameworks */,
			);
			runOnlyForDeploymentPostprocessing = 0;
		};
/* End PBXFrameworksBuildPhase section */

/* Begin PBXGroup section */
		D075E6197E6B1925C560CC9D /* Pods */ = {
			isa = PBXGroup;
			children = (
				123DF63C1D36EC00580A63AE /* Pods-weather_app.debug.xcconfig */,
				4342FE4785DD34F656A2BF3D /* Pods-weather_app.release.xcconfig */,
			);
			path = Pods;
			sourceTree = "<group>";
		};
		DD7E1DB447EE9C655880F30C /* Frameworks */ = {
			isa = PBXGroup;
			children = (
				CF192EE06FDF528CD3FA025A /* Pods_weather_app.framework */,
			);
			name = Frameworks;
			sourceTree = "<group>";
		};
		EC01E5C328BD5FF600486D8D /* Extensions */ = {
			isa = PBXGroup;
			children = (
				EC01E5C428BD601600486D8D /* UIColor.swift */,
			);
			path = Extensions;
			sourceTree = "<group>";
		};
		EC36640528D8D6D8005B6D67 /* Models */ = {
			isa = PBXGroup;
			children = (
				EC36640628D8D70D005B6D67 /* WeatherInfoModel.swift */,
			);
			path = Models;
			sourceTree = "<group>";
		};
		EC36640828D8DC7C005B6D67 /* HourlyInfoView */ = {
			isa = PBXGroup;
			children = (
				EC36641428DB4DC9005B6D67 /* Model */,
				EC36641228DA5BF6005B6D67 /* HourlyContainerView.swift */,
				EC36641728DC4FB9005B6D67 /* HourlyTableViewCell.swift */,
				EC36641928DC57EF005B6D67 /* HourlyCell.swift */,
			);
			path = HourlyInfoView;
			sourceTree = "<group>";
		};
		EC36640928D8DCB0005B6D67 /* WeekInfoView */ = {
			isa = PBXGroup;
			children = (
				EC36640D28D8F759005B6D67 /* Model */,
				EC36640B28D8E14E005B6D67 /* WeeklyContainerView.swift */,
				EC36641028D9B683005B6D67 /* WeeklyTableViewCell.swift */,
			);
			path = WeekInfoView;
			sourceTree = "<group>";
		};
		EC36640A28D8DD21005B6D67 /* Model */ = {
			isa = PBXGroup;
			children = (
				ECB1423128C777A200D547D4 /* HeaderWeatherInfo.swift */,
			);
			path = Model;
			sourceTree = "<group>";
		};
		EC36640D28D8F759005B6D67 /* Model */ = {
			isa = PBXGroup;
			children = (
				EC36640E28D8F854005B6D67 /* WeekDayInfo.swift */,
			);
			path = Model;
			sourceTree = "<group>";
		};
		EC36641428DB4DC9005B6D67 /* Model */ = {
			isa = PBXGroup;
			children = (
				EC36641528DB4E11005B6D67 /* HourlyWeatherInfo.swift */,
			);
			path = Model;
			sourceTree = "<group>";
		};
		ECD842FB288956B90083AACE = {
			isa = PBXGroup;
			children = (
				ECD84306288956B90083AACE /* weather_app */,
				ECD84305288956B90083AACE /* Products */,
				D075E6197E6B1925C560CC9D /* Pods */,
				DD7E1DB447EE9C655880F30C /* Frameworks */,
			);
			sourceTree = "<group>";
		};
		ECD84305288956B90083AACE /* Products */ = {
			isa = PBXGroup;
			children = (
				ECD84304288956B90083AACE /* weather_app.app */,
			);
			name = Products;
			sourceTree = "<group>";
		};
		ECD84306288956B90083AACE /* weather_app */ = {
			isa = PBXGroup;
			children = (
				EC36640528D8D6D8005B6D67 /* Models */,
				EC01E5C328BD5FF600486D8D /* Extensions */,
				ECD84320288977E40083AACE /* Launch */,
				ECD8431D288971900083AACE /* Main */,
				ECD84307288956B90083AACE /* AppDelegate.swift */,
				ECD8431B2889671F0083AACE /* Screens.swift */,
				ECD84310288956C00083AACE /* Assets.xcassets */,
				ECD84312288956C00083AACE /* LaunchScreen.storyboard */,
				ECD84315288956C00083AACE /* Info.plist */,
			);
			path = weather_app;
			sourceTree = "<group>";
		};
		ECD8431D288971900083AACE /* Main */ = {
			isa = PBXGroup;
			children = (
				ECF1A51C28BE4B9500D916D6 /* HeaderView */,
				EC36640828D8DC7C005B6D67 /* HourlyInfoView */,
				EC36640928D8DCB0005B6D67 /* WeekInfoView */,
				ECD8431E288971FC0083AACE /* MainViewController.swift */,
			);
			path = Main;
			sourceTree = "<group>";
		};
		ECD84320288977E40083AACE /* Launch */ = {
			isa = PBXGroup;
			children = (
				ECD84321288978120083AACE /* LaunchViewController.swift */,
			);
			path = Launch;
			sourceTree = "<group>";
		};
		ECF1A51C28BE4B9500D916D6 /* HeaderView */ = {
			isa = PBXGroup;
			children = (
				EC36640A28D8DD21005B6D67 /* Model */,
				ECF1A51D28BE4BB700D916D6 /* HeaderView.swift */,
				EC90E1AF28BF4B5300D77B81 /* InfoHeaderView.swift */,
				EC76901528C0ACDD00DB01EB /* ValueCollectionViewCell.swift */,
			);
			path = HeaderView;
			sourceTree = "<group>";
		};
/* End PBXGroup section */

/* Begin PBXNativeTarget section */
		ECD84303288956B90083AACE /* weather_app */ = {
			isa = PBXNativeTarget;
			buildConfigurationList = ECD84318288956C00083AACE /* Build configuration list for PBXNativeTarget "weather_app" */;
			buildPhases = (
				8846E5AD484D30908D92142B /* [CP] Check Pods Manifest.lock */,
				ECD84300288956B90083AACE /* Sources */,
				ECD84301288956B90083AACE /* Frameworks */,
				ECD84302288956B90083AACE /* Resources */,
				5B01B15742302C1C2EA61595 /* [CP] Embed Pods Frameworks */,
			);
			buildRules = (
			);
			dependencies = (
			);
			name = weather_app;
			productName = weather_app;
			productReference = ECD84304288956B90083AACE /* weather_app.app */;
			productType = "com.apple.product-type.application";
		};
/* End PBXNativeTarget section */

/* Begin PBXProject section */
		ECD842FC288956B90083AACE /* Project object */ = {
			isa = PBXProject;
			attributes = {
				BuildIndependentTargetsInParallel = 1;
				LastSwiftUpdateCheck = 1340;
				LastUpgradeCheck = 1340;
				TargetAttributes = {
					ECD84303288956B90083AACE = {
						CreatedOnToolsVersion = 13.4;
					};
				};
			};
			buildConfigurationList = ECD842FF288956B90083AACE /* Build configuration list for PBXProject "weather_app" */;
			compatibilityVersion = "Xcode 13.0";
			developmentRegion = en;
			hasScannedForEncodings = 0;
			knownRegions = (
				en,
				Base,
			);
			mainGroup = ECD842FB288956B90083AACE;
			productRefGroup = ECD84305288956B90083AACE /* Products */;
			projectDirPath = "";
			projectRoot = "";
			targets = (
				ECD84303288956B90083AACE /* weather_app */,
			);
		};
/* End PBXProject section */

/* Begin PBXResourcesBuildPhase section */
		ECD84302288956B90083AACE /* Resources */ = {
			isa = PBXResourcesBuildPhase;
			buildActionMask = 2147483647;
			files = (
				ECD84314288956C00083AACE /* LaunchScreen.storyboard in Resources */,
				ECD84311288956C00083AACE /* Assets.xcassets in Resources */,
			);
			runOnlyForDeploymentPostprocessing = 0;
		};
/* End PBXResourcesBuildPhase section */

/* Begin PBXShellScriptBuildPhase section */
		5B01B15742302C1C2EA61595 /* [CP] Embed Pods Frameworks */ = {
			isa = PBXShellScriptBuildPhase;
			buildActionMask = 2147483647;
			files = (
			);
			inputFileListPaths = (
				"${PODS_ROOT}/Target Support Files/Pods-weather_app/Pods-weather_app-frameworks-${CONFIGURATION}-input-files.xcfilelist",
			);
			name = "[CP] Embed Pods Frameworks";
			outputFileListPaths = (
				"${PODS_ROOT}/Target Support Files/Pods-weather_app/Pods-weather_app-frameworks-${CONFIGURATION}-output-files.xcfilelist",
			);
			runOnlyForDeploymentPostprocessing = 0;
			shellPath = /bin/sh;
			shellScript = "\"${PODS_ROOT}/Target Support Files/Pods-weather_app/Pods-weather_app-frameworks.sh\"\n";
			showEnvVarsInLog = 0;
		};
		8846E5AD484D30908D92142B /* [CP] Check Pods Manifest.lock */ = {
			isa = PBXShellScriptBuildPhase;
			buildActionMask = 2147483647;
			files = (
			);
			inputFileListPaths = (
			);
			inputPaths = (
				"${PODS_PODFILE_DIR_PATH}/Podfile.lock",
				"${PODS_ROOT}/Manifest.lock",
			);
			name = "[CP] Check Pods Manifest.lock";
			outputFileListPaths = (
			);
			outputPaths = (
				"$(DERIVED_FILE_DIR)/Pods-weather_app-checkManifestLockResult.txt",
			);
			runOnlyForDeploymentPostprocessing = 0;
			shellPath = /bin/sh;
			shellScript = "diff \"${PODS_PODFILE_DIR_PATH}/Podfile.lock\" \"${PODS_ROOT}/Manifest.lock\" > /dev/null\nif [ $? != 0 ] ; then\n    # print error to STDERR\n    echo \"error: The sandbox is not in sync with the Podfile.lock. Run 'pod install' or update your CocoaPods installation.\" >&2\n    exit 1\nfi\n# This output is used by Xcode 'outputs' to avoid re-running this script phase.\necho \"SUCCESS\" > \"${SCRIPT_OUTPUT_FILE_0}\"\n";
			showEnvVarsInLog = 0;
		};
/* End PBXShellScriptBuildPhase section */

/* Begin PBXSourcesBuildPhase section */
		ECD84300288956B90083AACE /* Sources */ = {
			isa = PBXSourcesBuildPhase;
			buildActionMask = 2147483647;
			files = (
				ECD8431C2889671F0083AACE /* Screens.swift in Sources */,
				ECF1A51E28BE4BB700D916D6 /* HeaderView.swift in Sources */,
				EC36640F28D8F854005B6D67 /* WeekDayInfo.swift in Sources */,
				EC36640C28D8E14E005B6D67 /* WeeklyContainerView.swift in Sources */,
				EC36641628DB4E11005B6D67 /* HourlyWeatherInfo.swift in Sources */,
				EC76901628C0ACDD00DB01EB /* ValueCollectionViewCell.swift in Sources */,
				EC36641328DA5BF6005B6D67 /* HourlyContainerView.swift in Sources */,
				ECD8431F288971FC0083AACE /* MainViewController.swift in Sources */,
				EC36641828DC4FBA005B6D67 /* HourlyTableViewCell.swift in Sources */,
				EC90E1B028BF4B5300D77B81 /* InfoHeaderView.swift in Sources */,
				EC01E5C528BD601600486D8D /* UIColor.swift in Sources */,
				EC36641128D9B683005B6D67 /* WeeklyTableViewCell.swift in Sources */,
				EC36641A28DC57EF005B6D67 /* HourlyCell.swift in Sources */,
				EC36640728D8D70D005B6D67 /* WeatherInfoModel.swift in Sources */,
				ECD84308288956B90083AACE /* AppDelegate.swift in Sources */,
				ECD84322288978120083AACE /* LaunchViewController.swift in Sources */,
				ECB1423228C777A200D547D4 /* HeaderWeatherInfo.swift in Sources */,
			);
			runOnlyForDeploymentPostprocessing = 0;
		};
/* End PBXSourcesBuildPhase section */

/* Begin PBXVariantGroup section */
		ECD84312288956C00083AACE /* LaunchScreen.storyboard */ = {
			isa = PBXVariantGroup;
			children = (
				ECD84313288956C00083AACE /* Base */,
			);
			name = LaunchScreen.storyboard;
			sourceTree = "<group>";
		};
/* End PBXVariantGroup section */

/* Begin XCBuildConfiguration section */
		ECD84316288956C00083AACE /* Debug */ = {
			isa = XCBuildConfiguration;
			buildSettings = {
				ALWAYS_SEARCH_USER_PATHS = NO;
				CLANG_ANALYZER_NONNULL = YES;
				CLANG_ANALYZER_NUMBER_OBJECT_CONVERSION = YES_AGGRESSIVE;
				CLANG_CXX_LANGUAGE_STANDARD = "gnu++17";
				CLANG_ENABLE_MODULES = YES;
				CLANG_ENABLE_OBJC_ARC = YES;
				CLANG_ENABLE_OBJC_WEAK = YES;
				CLANG_WARN_BLOCK_CAPTURE_AUTORELEASING = YES;
				CLANG_WARN_BOOL_CONVERSION = YES;
				CLANG_WARN_COMMA = YES;
				CLANG_WARN_CONSTANT_CONVERSION = YES;
				CLANG_WARN_DEPRECATED_OBJC_IMPLEMENTATIONS = YES;
				CLANG_WARN_DIRECT_OBJC_ISA_USAGE = YES_ERROR;
				CLANG_WARN_DOCUMENTATION_COMMENTS = YES;
				CLANG_WARN_EMPTY_BODY = YES;
				CLANG_WARN_ENUM_CONVERSION = YES;
				CLANG_WARN_INFINITE_RECURSION = YES;
				CLANG_WARN_INT_CONVERSION = YES;
				CLANG_WARN_NON_LITERAL_NULL_CONVERSION = YES;
				CLANG_WARN_OBJC_IMPLICIT_RETAIN_SELF = YES;
				CLANG_WARN_OBJC_LITERAL_CONVERSION = YES;
				CLANG_WARN_OBJC_ROOT_CLASS = YES_ERROR;
				CLANG_WARN_QUOTED_INCLUDE_IN_FRAMEWORK_HEADER = YES;
				CLANG_WARN_RANGE_LOOP_ANALYSIS = YES;
				CLANG_WARN_STRICT_PROTOTYPES = YES;
				CLANG_WARN_SUSPICIOUS_MOVE = YES;
				CLANG_WARN_UNGUARDED_AVAILABILITY = YES_AGGRESSIVE;
				CLANG_WARN_UNREACHABLE_CODE = YES;
				CLANG_WARN__DUPLICATE_METHOD_MATCH = YES;
				COPY_PHASE_STRIP = NO;
				DEBUG_INFORMATION_FORMAT = dwarf;
				ENABLE_STRICT_OBJC_MSGSEND = YES;
				ENABLE_TESTABILITY = YES;
				GCC_C_LANGUAGE_STANDARD = gnu11;
				GCC_DYNAMIC_NO_PIC = NO;
				GCC_NO_COMMON_BLOCKS = YES;
				GCC_OPTIMIZATION_LEVEL = 0;
				GCC_PREPROCESSOR_DEFINITIONS = (
					"DEBUG=1",
					"$(inherited)",
				);
				GCC_WARN_64_TO_32_BIT_CONVERSION = YES;
				GCC_WARN_ABOUT_RETURN_TYPE = YES_ERROR;
				GCC_WARN_UNDECLARED_SELECTOR = YES;
				GCC_WARN_UNINITIALIZED_AUTOS = YES_AGGRESSIVE;
				GCC_WARN_UNUSED_FUNCTION = YES;
				GCC_WARN_UNUSED_VARIABLE = YES;
				IPHONEOS_DEPLOYMENT_TARGET = 15.5;
				MTL_ENABLE_DEBUG_INFO = INCLUDE_SOURCE;
				MTL_FAST_MATH = YES;
				ONLY_ACTIVE_ARCH = YES;
				SDKROOT = iphoneos;
				SWIFT_ACTIVE_COMPILATION_CONDITIONS = DEBUG;
				SWIFT_OPTIMIZATION_LEVEL = "-Onone";
			};
			name = Debug;
		};
		ECD84317288956C00083AACE /* Release */ = {
			isa = XCBuildConfiguration;
			buildSettings = {
				ALWAYS_SEARCH_USER_PATHS = NO;
				CLANG_ANALYZER_NONNULL = YES;
				CLANG_ANALYZER_NUMBER_OBJECT_CONVERSION = YES_AGGRESSIVE;
				CLANG_CXX_LANGUAGE_STANDARD = "gnu++17";
				CLANG_ENABLE_MODULES = YES;
				CLANG_ENABLE_OBJC_ARC = YES;
				CLANG_ENABLE_OBJC_WEAK = YES;
				CLANG_WARN_BLOCK_CAPTURE_AUTORELEASING = YES;
				CLANG_WARN_BOOL_CONVERSION = YES;
				CLANG_WARN_COMMA = YES;
				CLANG_WARN_CONSTANT_CONVERSION = YES;
				CLANG_WARN_DEPRECATED_OBJC_IMPLEMENTATIONS = YES;
				CLANG_WARN_DIRECT_OBJC_ISA_USAGE = YES_ERROR;
				CLANG_WARN_DOCUMENTATION_COMMENTS = YES;
				CLANG_WARN_EMPTY_BODY = YES;
				CLANG_WARN_ENUM_CONVERSION = YES;
				CLANG_WARN_INFINITE_RECURSION = YES;
				CLANG_WARN_INT_CONVERSION = YES;
				CLANG_WARN_NON_LITERAL_NULL_CONVERSION = YES;
				CLANG_WARN_OBJC_IMPLICIT_RETAIN_SELF = YES;
				CLANG_WARN_OBJC_LITERAL_CONVERSION = YES;
				CLANG_WARN_OBJC_ROOT_CLASS = YES_ERROR;
				CLANG_WARN_QUOTED_INCLUDE_IN_FRAMEWORK_HEADER = YES;
				CLANG_WARN_RANGE_LOOP_ANALYSIS = YES;
				CLANG_WARN_STRICT_PROTOTYPES = YES;
				CLANG_WARN_SUSPICIOUS_MOVE = YES;
				CLANG_WARN_UNGUARDED_AVAILABILITY = YES_AGGRESSIVE;
				CLANG_WARN_UNREACHABLE_CODE = YES;
				CLANG_WARN__DUPLICATE_METHOD_MATCH = YES;
				COPY_PHASE_STRIP = NO;
				DEBUG_INFORMATION_FORMAT = "dwarf-with-dsym";
				ENABLE_NS_ASSERTIONS = NO;
				ENABLE_STRICT_OBJC_MSGSEND = YES;
				GCC_C_LANGUAGE_STANDARD = gnu11;
				GCC_NO_COMMON_BLOCKS = YES;
				GCC_WARN_64_TO_32_BIT_CONVERSION = YES;
				GCC_WARN_ABOUT_RETURN_TYPE = YES_ERROR;
				GCC_WARN_UNDECLARED_SELECTOR = YES;
				GCC_WARN_UNINITIALIZED_AUTOS = YES_AGGRESSIVE;
				GCC_WARN_UNUSED_FUNCTION = YES;
				GCC_WARN_UNUSED_VARIABLE = YES;
				IPHONEOS_DEPLOYMENT_TARGET = 15.5;
				MTL_ENABLE_DEBUG_INFO = NO;
				MTL_FAST_MATH = YES;
				SDKROOT = iphoneos;
				SWIFT_COMPILATION_MODE = wholemodule;
				SWIFT_OPTIMIZATION_LEVEL = "-O";
				VALIDATE_PRODUCT = YES;
			};
			name = Release;
		};
		ECD84319288956C00083AACE /* Debug */ = {
			isa = XCBuildConfiguration;
			baseConfigurationReference = 123DF63C1D36EC00580A63AE /* Pods-weather_app.debug.xcconfig */;
			buildSettings = {
				ASSETCATALOG_COMPILER_APPICON_NAME = AppIcon;
				ASSETCATALOG_COMPILER_GLOBAL_ACCENT_COLOR_NAME = AccentColor;
				CODE_SIGN_STYLE = Automatic;
				CURRENT_PROJECT_VERSION = 1;
				GENERATE_INFOPLIST_FILE = YES;
				INFOPLIST_FILE = weather_app/Info.plist;
				INFOPLIST_KEY_UIApplicationSupportsIndirectInputEvents = YES;
				INFOPLIST_KEY_UILaunchStoryboardName = LaunchScreen;
				INFOPLIST_KEY_UISupportedInterfaceOrientations_iPad = "UIInterfaceOrientationPortrait UIInterfaceOrientationPortraitUpsideDown UIInterfaceOrientationLandscapeLeft UIInterfaceOrientationLandscapeRight";
				INFOPLIST_KEY_UISupportedInterfaceOrientations_iPhone = "UIInterfaceOrientationPortrait UIInterfaceOrientationLandscapeLeft UIInterfaceOrientationLandscapeRight";
				IPHONEOS_DEPLOYMENT_TARGET = 11.0;
				LD_RUNPATH_SEARCH_PATHS = (
					"$(inherited)",
					"@executable_path/Frameworks",
				);
				MARKETING_VERSION = 1.0;
				PRODUCT_BUNDLE_IDENTIFIER = "no-storyboard.weather-app";
				PRODUCT_NAME = "$(TARGET_NAME)";
				SWIFT_EMIT_LOC_STRINGS = YES;
				SWIFT_VERSION = 5.0;
				TARGETED_DEVICE_FAMILY = "1,2";
			};
			name = Debug;
		};
		ECD8431A288956C00083AACE /* Release */ = {
			isa = XCBuildConfiguration;
			baseConfigurationReference = 4342FE4785DD34F656A2BF3D /* Pods-weather_app.release.xcconfig */;
			buildSettings = {
				ASSETCATALOG_COMPILER_APPICON_NAME = AppIcon;
				ASSETCATALOG_COMPILER_GLOBAL_ACCENT_COLOR_NAME = AccentColor;
				CODE_SIGN_STYLE = Automatic;
				CURRENT_PROJECT_VERSION = 1;
				GENERATE_INFOPLIST_FILE = YES;
				INFOPLIST_FILE = weather_app/Info.plist;
				INFOPLIST_KEY_UIApplicationSupportsIndirectInputEvents = YES;
				INFOPLIST_KEY_UILaunchStoryboardName = LaunchScreen;
				INFOPLIST_KEY_UISupportedInterfaceOrientations_iPad = "UIInterfaceOrientationPortrait UIInterfaceOrientationPortraitUpsideDown UIInterfaceOrientationLandscapeLeft UIInterfaceOrientationLandscapeRight";
				INFOPLIST_KEY_UISupportedInterfaceOrientations_iPhone = "UIInterfaceOrientationPortrait UIInterfaceOrientationLandscapeLeft UIInterfaceOrientationLandscapeRight";
				IPHONEOS_DEPLOYMENT_TARGET = 11.0;
				LD_RUNPATH_SEARCH_PATHS = (
					"$(inherited)",
					"@executable_path/Frameworks",
				);
				MARKETING_VERSION = 1.0;
				PRODUCT_BUNDLE_IDENTIFIER = "no-storyboard.weather-app";
				PRODUCT_NAME = "$(TARGET_NAME)";
				SWIFT_EMIT_LOC_STRINGS = YES;
				SWIFT_VERSION = 5.0;
				TARGETED_DEVICE_FAMILY = "1,2";
			};
			name = Release;
		};
/* End XCBuildConfiguration section */

/* Begin XCConfigurationList section */
		ECD842FF288956B90083AACE /* Build configuration list for PBXProject "weather_app" */ = {
			isa = XCConfigurationList;
			buildConfigurations = (
				ECD84316288956C00083AACE /* Debug */,
				ECD84317288956C00083AACE /* Release */,
			);
			defaultConfigurationIsVisible = 0;
			defaultConfigurationName = Release;
		};
		ECD84318288956C00083AACE /* Build configuration list for PBXNativeTarget "weather_app" */ = {
			isa = XCConfigurationList;
			buildConfigurations = (
				ECD84319288956C00083AACE /* Debug */,
				ECD8431A288956C00083AACE /* Release */,
			);
			defaultConfigurationIsVisible = 0;
			defaultConfigurationName = Release;
		};
/* End XCConfigurationList section */
	};
	rootObject = ECD842FC288956B90083AACE /* Project object */;
}
